
Microsoft Visual Studio Solution File, Format Version 12.00
# Visual Studio 15
VisualStudioVersion = 15.0.26124.0
MinimumVisualStudioVersion = 15.0.26124.0
Project("{FAE04EC0-301F-11D3-BF4B-00C04F79EFBC}") = "PizzaStore.Client", "PizzaStore.Client\PizzaStore.Client.csproj", "{3D136521-F741-4AB7-AC0E-D3FD7C01B54B}"
EndProject
Project("{FAE04EC0-301F-11D3-BF4B-00C04F79EFBC}") = "PizzaStore.Domain", "PizzaStore.Domain\PizzaStore.Domain.csproj", "{D2D09A40-FA2C-46CF-AFC8-BE59C2212F2C}"
EndProject
Project("{FAE04EC0-301F-11D3-BF4B-00C04F79EFBC}") = "PizzaStore.Testing", "PizzaStore.Testing\PizzaStore.Testing.csproj", "{1771C798-E45B-4AC9-8640-18D1E05E4748}"
EndProject
Global
	GlobalSection(SolutionConfigurationPlatforms) = preSolution
		Debug|Any CPU = Debug|Any CPU
		Debug|x64 = Debug|x64
		Debug|x86 = Debug|x86
		Release|Any CPU = Release|Any CPU
		Release|x64 = Release|x64
		Release|x86 = Release|x86
	EndGlobalSection
	GlobalSection(SolutionProperties) = preSolution
		HideSolutionNode = FALSE
	EndGlobalSection
	GlobalSection(ProjectConfigurationPlatforms) = postSolution
		{3D136521-F741-4AB7-AC0E-D3FD7C01B54B}.Debug|Any CPU.ActiveCfg = Debug|Any CPU
		{3D136521-F741-4AB7-AC0E-D3FD7C01B54B}.Debug|Any CPU.Build.0 = Debug|Any CPU
		{3D136521-F741-4AB7-AC0E-D3FD7C01B54B}.Debug|x64.ActiveCfg = Debug|Any CPU
		{3D136521-F741-4AB7-AC0E-D3FD7C01B54B}.Debug|x64.Build.0 = Debug|Any CPU
		{3D136521-F741-4AB7-AC0E-D3FD7C01B54B}.Debug|x86.ActiveCfg = Debug|Any CPU
		{3D136521-F741-4AB7-AC0E-D3FD7C01B54B}.Debug|x86.Build.0 = Debug|Any CPU
		{3D136521-F741-4AB7-AC0E-D3FD7C01B54B}.Release|Any CPU.ActiveCfg = Release|Any CPU
		{3D136521-F741-4AB7-AC0E-D3FD7C01B54B}.Release|Any CPU.Build.0 = Release|Any CPU
		{3D136521-F741-4AB7-AC0E-D3FD7C01B54B}.Release|x64.ActiveCfg = Release|Any CPU
		{3D136521-F741-4AB7-AC0E-D3FD7C01B54B}.Release|x64.Build.0 = Release|Any CPU
		{3D136521-F741-4AB7-AC0E-D3FD7C01B54B}.Release|x86.ActiveCfg = Release|Any CPU
		{3D136521-F741-4AB7-AC0E-D3FD7C01B54B}.Release|x86.Build.0 = Release|Any CPU
		{D2D09A40-FA2C-46CF-AFC8-BE59C2212F2C}.Debug|Any CPU.ActiveCfg = Debug|Any CPU
		{D2D09A40-FA2C-46CF-AFC8-BE59C2212F2C}.Debug|Any CPU.Build.0 = Debug|Any CPU
		{D2D09A40-FA2C-46CF-AFC8-BE59C2212F2C}.Debug|x64.ActiveCfg = Debug|Any CPU
		{D2D09A40-FA2C-46CF-AFC8-BE59C2212F2C}.Debug|x64.Build.0 = Debug|Any CPU
		{D2D09A40-FA2C-46CF-AFC8-BE59C2212F2C}.Debug|x86.ActiveCfg = Debug|Any CPU
		{D2D09A40-FA2C-46CF-AFC8-BE59C2212F2C}.Debug|x86.Build.0 = Debug|Any CPU
		{D2D09A40-FA2C-46CF-AFC8-BE59C2212F2C}.Release|Any CPU.ActiveCfg = Release|Any CPU
		{D2D09A40-FA2C-46CF-AFC8-BE59C2212F2C}.Release|Any CPU.Build.0 = Release|Any CPU
		{D2D09A40-FA2C-46CF-AFC8-BE59C2212F2C}.Release|x64.ActiveCfg = Release|Any CPU
		{D2D09A40-FA2C-46CF-AFC8-BE59C2212F2C}.Release|x64.Build.0 = Release|Any CPU
		{D2D09A40-FA2C-46CF-AFC8-BE59C2212F2C}.Release|x86.ActiveCfg = Release|Any CPU
		{D2D09A40-FA2C-46CF-AFC8-BE59C2212F2C}.Release|x86.Build.0 = Release|Any CPU
		{1771C798-E45B-4AC9-8640-18D1E05E4748}.Debug|Any CPU.ActiveCfg = Debug|Any CPU
		{1771C798-E45B-4AC9-8640-18D1E05E4748}.Debug|Any CPU.Build.0 = Debug|Any CPU
		{1771C798-E45B-4AC9-8640-18D1E05E4748}.Debug|x64.ActiveCfg = Debug|Any CPU
		{1771C798-E45B-4AC9-8640-18D1E05E4748}.Debug|x64.Build.0 = Debug|Any CPU
		{1771C798-E45B-4AC9-8640-18D1E05E4748}.Debug|x86.ActiveCfg = Debug|Any CPU
		{1771C798-E45B-4AC9-8640-18D1E05E4748}.Debug|x86.Build.0 = Debug|Any CPU
		{1771C798-E45B-4AC9-8640-18D1E05E4748}.Release|Any CPU.ActiveCfg = Release|Any CPU
		{1771C798-E45B-4AC9-8640-18D1E05E4748}.Release|Any CPU.Build.0 = Release|Any CPU
		{1771C798-E45B-4AC9-8640-18D1E05E4748}.Release|x64.ActiveCfg = Release|Any CPU
		{1771C798-E45B-4AC9-8640-18D1E05E4748}.Release|x64.Build.0 = Release|Any CPU
		{1771C798-E45B-4AC9-8640-18D1E05E4748}.Release|x86.ActiveCfg = Release|Any CPU
		{1771C798-E45B-4AC9-8640-18D1E05E4748}.Release|x86.Build.0 = Release|Any CPU
	EndGlobalSection
EndGlobal
